
Microsoft Visual Studio Solution File, Format Version 12.00
# Visual Studio Version 17
VisualStudioVersion = 17.13.35818.85 d17.13
MinimumVisualStudioVersion = 10.0.40219.1
Project("{888888A0-9F3D-457C-B088-3A5042F75D52}") = "procure_flow", "procure_flow.pyproj", "{343E5A6B-E8B7-4D40-BE8B-9FECF6CF80D4}"
EndProject
Global
	GlobalSection(SolutionConfigurationPlatforms) = preSolution
		Debug|Any CPU = Debug|Any CPU
		Release|Any CPU = Release|Any CPU
	EndGlobalSection
	GlobalSection(ProjectConfigurationPlatforms) = postSolution
		{343E5A6B-E8B7-4D40-BE8B-9FECF6CF80D4}.Debug|Any CPU.ActiveCfg = Debug|Any CPU
		{343E5A6B-E8B7-4D40-BE8B-9FECF6CF80D4}.Release|Any CPU.ActiveCfg = Release|Any CPU
	EndGlobalSection
	GlobalSection(SolutionProperties) = preSolution
		HideSolutionNode = FALSE
	EndGlobalSection
	GlobalSection(ExtensibilityGlobals) = postSolution
		SolutionGuid = {6635DDB6-15A3-4578-BC39-541CD453F315}
	EndGlobalSection
EndGlobal
